// !$*UTF8*$!
{
	archiveVersion = 1;
	classes = {
	};
	objectVersion = 56;
	objects = {

/* Begin PBXBuildFile section */
		58E8EC1FCC53D2CA8CF0FD1D /* ModelManager.swift in Sources */ = {isa = PBXBuildFile; fileRef = C5CE335EF2F71A7629AB476C /* ModelManager.swift */; };
		ADA0A50E494611C058B98A87 /* Gemma3NE4BLoader.swift in Sources */ = {isa = PBXBuildFile; fileRef = 963AF57F15086AFC5EFDEC3B /* Gemma3NE4BLoader.swift */; };
		D803D34BF455F1FA4F1A5C81 /* Gemma3NE2BLoader.swift in Sources */ = {isa = PBXBuildFile; fileRef = 301A22D51F645BA237DFBE52 /* Gemma3NE2BLoader.swift */; };
		1A2B3C4D5E6F7890 /* RoadtripCopilotApp.swift in Sources */ = {isa = PBXBuildFile; fileRef = 1A2B3C4D5E6F7891 /* RoadtripCopilotApp.swift */; };
		3F066B62EA0B4ABB /* LocationAuthorizationView.swift in Sources */ = {isa = PBXBuildFile; fileRef = F4E070ED09F14D09 /* LocationAuthorizationView.swift */; };
		1A2B3C4D5E6F7892 /* ContentView.swift in Sources */ = {isa = PBXBuildFile; fileRef = 1A2B3C4D5E6F7893 /* ContentView.swift */; };
		1A2B3C4D5E6F7894 /* Assets.xcassets in Resources */ = {isa = PBXBuildFile; fileRef = 1A2B3C4D5E6F7895 /* Assets.xcassets */; };
		2B3C4D5E6F789012 /* LocationManager.swift in Sources */ = {isa = PBXBuildFile; fileRef = 2B3C4D5E6F789013 /* LocationManager.swift */; };
		2B3C4D5E6F789014 /* SpeechManager.swift in Sources */ = {isa = PBXBuildFile; fileRef = 2B3C4D5E6F789015 /* SpeechManager.swift */; };
		3C4D5E6F78901234 /* AIAgentManager.swift in Sources */ = {isa = PBXBuildFile; fileRef = 3C4D5E6F78901235 /* AIAgentManager.swift */; };
		4D5E6F7890123456 /* UserPreferences.swift in Sources */ = {isa = PBXBuildFile; fileRef = 4D5E6F7890123457 /* UserPreferences.swift */; };
		4D5E6F7890123458 /* AppState.swift in Sources */ = {isa = PBXBuildFile; fileRef = 4D5E6F7890123459 /* AppState.swift */; };
		5E6F789012345678 /* CarPlaySceneDelegate.swift in Sources */ = {isa = PBXBuildFile; fileRef = 5E6F789012345679 /* CarPlaySceneDelegate.swift */; };
		6F78901234567890 /* DestinationSelectionView.swift in Sources */ = {isa = PBXBuildFile; fileRef = 6F78901234567891 /* DestinationSelectionView.swift */; };
		6F78901234567892 /* EnhancedDestinationSelectionView.swift in Sources */ = {isa = PBXBuildFile; fileRef = 6F78901234567893 /* EnhancedDestinationSelectionView.swift */; };
		6F78901234567894 /* OnboardingSteps.swift in Sources */ = {isa = PBXBuildFile; fileRef = 6F78901234567895 /* OnboardingSteps.swift */; };
		7890123456789012 /* VoiceVisualizerView.swift in Sources */ = {isa = PBXBuildFile; fileRef = 7890123456789013 /* VoiceVisualizerView.swift */; };
		8901234567890123 /* SpeechManagerExtensions.swift in Sources */ = {isa = PBXBuildFile; fileRef = 8901234567890124 /* SpeechManagerExtensions.swift */; };
		9012345678901234 /* POIDiscoveryAgent.swift in Sources */ = {isa = PBXBuildFile; fileRef = 9012345678901235 /* POIDiscoveryAgent.swift */; };
		FEEDC0DE0000000000000002 /* SplashScreenView.swift in Sources */ = {isa = PBXBuildFile; fileRef = FEEDC0DE0000000000000001 /* SplashScreenView.swift */; };
		TTSMANAGER0000000000000002 /* EnhancedTTSManager.swift in Sources */ = {isa = PBXBuildFile; fileRef = TTSMANAGER0000000000000001 /* EnhancedTTSManager.swift */; };
		TTSPERFMONITOR000000000002 /* TTSPerformanceMonitor.swift in Sources */ = {isa = PBXBuildFile; fileRef = TTSPERFMONITOR000000000001 /* TTSPerformanceMonitor.swift */; };
		SIXSECPODGENBUILD000000002 /* SixSecondPodcastGenerator.swift in Sources */ = {isa = PBXBuildFile; fileRef = SIXSECPODGENREF000000001 /* SixSecondPodcastGenerator.swift */; };
		VOICECONFIGBUILD0000000002 /* VoiceConfiguration.swift in Sources */ = {isa = PBXBuildFile; fileRef = VOICECONFIGREF0000000001 /* VoiceConfiguration.swift */; };
		KITTENTTSPROCBUILD00000002 /* KittenTTSProcessor.swift in Sources */ = {isa = PBXBuildFile; fileRef = KITTENTTSPROCREF000000001 /* KittenTTSProcessor.swift */; };
		SIMPLEAIMANAGERBUILD000002 /* AIAgentManagerSimple.swift in Sources */ = {isa = PBXBuildFile; fileRef = SIMPLEAIMANAGERREF000001 /* AIAgentManagerSimple.swift */; };
		GEMMA3NPROCESSORBUILD00002 /* Gemma3NProcessor.swift in Sources */ = {isa = PBXBuildFile; fileRef = GEMMA3NPROCESSORREF000001 /* Gemma3NProcessor.swift */; };
		TIMESTAMPLOGGERBUILD000002 /* TimestampLogger.swift in Sources */ = {isa = PBXBuildFile; fileRef = TIMESTAMPLOGGERREF000001 /* TimestampLogger.swift */; };
		AVFOUNDATION0000000000000 /* AVFoundation.framework in Frameworks */ = {isa = PBXBuildFile; fileRef = AVFOUNDATION000000000001 /* AVFoundation.framework */; };
		COREML000000000000000000 /* CoreML.framework in Frameworks */ = {isa = PBXBuildFile; fileRef = COREML0000000000000001 /* CoreML.framework */; };
		SPEECH000000000000000000 /* Speech.framework in Frameworks */ = {isa = PBXBuildFile; fileRef = SPEECH0000000000000001 /* Speech.framework */; };
		CORELOCATION000000000000 /* CoreLocation.framework in Frameworks */ = {isa = PBXBuildFile; fileRef = CORELOCATION00000000001 /* CoreLocation.framework */; };
		ACCELERATE0000000000000 /* Accelerate.framework in Frameworks */ = {isa = PBXBuildFile; fileRef = ACCELERATE000000000001 /* Accelerate.framework */; };
		CARPLAY00000000000000000 /* CarPlay.framework in Frameworks */ = {isa = PBXBuildFile; fileRef = CARPLAY000000000000001 /* CarPlay.framework */; };
		COMBINE00000000000000000 /* Combine.framework in Frameworks */ = {isa = PBXBuildFile; fileRef = COMBINE000000000000001 /* Combine.framework */; };
/* End PBXBuildFile section */

/* Begin PBXFileReference section */
		0123456789ABCDEF /* RoadtripCopilot.app */ = {isa = PBXFileReference; explicitFileType = wrapper.application; includeInIndex = 0; path = RoadtripCopilot.app; sourceTree = BUILT_PRODUCTS_DIR; };
		1A2B3C4D5E6F7891 /* RoadtripCopilotApp.swift */ = {isa = PBXFileReference; lastKnownFileType = sourcecode.swift; path = RoadtripCopilotApp.swift; sourceTree = "<group>"; };
		1A2B3C4D5E6F7893 /* ContentView.swift */ = {isa = PBXFileReference; lastKnownFileType = sourcecode.swift; path = ContentView.swift; sourceTree = "<group>"; };
		F4E070ED09F14D09 /* LocationAuthorizationView.swift */ = {isa = PBXFileReference; lastKnownFileType = sourcecode.swift; path = LocationAuthorizationView.swift; sourceTree = "<group>"; };
		1A2B3C4D5E6F7895 /* Assets.xcassets */ = {isa = PBXFileReference; lastKnownFileType = folder.assetcatalog; path = Assets.xcassets; sourceTree = "<group>"; };
		1A2B3C4D5E6F7896 /* Info.plist */ = {isa = PBXFileReference; lastKnownFileType = text.plist.xml; path = Info.plist; sourceTree = "<group>"; };
		2B3C4D5E6F789013 /* LocationManager.swift */ = {isa = PBXFileReference; lastKnownFileType = sourcecode.swift; path = LocationManager.swift; sourceTree = "<group>"; };
		2B3C4D5E6F789015 /* SpeechManager.swift */ = {isa = PBXFileReference; lastKnownFileType = sourcecode.swift; path = SpeechManager.swift; sourceTree = "<group>"; };
		3C4D5E6F78901235 /* AIAgentManager.swift */ = {isa = PBXFileReference; lastKnownFileType = sourcecode.swift; path = AIAgentManager.swift; sourceTree = "<group>"; };
		4D5E6F7890123457 /* UserPreferences.swift */ = {isa = PBXFileReference; lastKnownFileType = sourcecode.swift; path = UserPreferences.swift; sourceTree = "<group>"; };
		4D5E6F7890123459 /* AppState.swift */ = {isa = PBXFileReference; lastKnownFileType = sourcecode.swift; path = AppState.swift; sourceTree = "<group>"; };
		5E6F789012345679 /* CarPlaySceneDelegate.swift */ = {isa = PBXFileReference; lastKnownFileType = sourcecode.swift; path = CarPlaySceneDelegate.swift; sourceTree = "<group>"; };
		6F78901234567891 /* DestinationSelectionView.swift */ = {isa = PBXFileReference; lastKnownFileType = sourcecode.swift; path = DestinationSelectionView.swift; sourceTree = "<group>"; };
		6F78901234567893 /* EnhancedDestinationSelectionView.swift */ = {isa = PBXFileReference; lastKnownFileType = sourcecode.swift; path = EnhancedDestinationSelectionView.swift; sourceTree = "<group>"; };
		6F78901234567895 /* OnboardingSteps.swift */ = {isa = PBXFileReference; lastKnownFileType = sourcecode.swift; path = OnboardingSteps.swift; sourceTree = "<group>"; };
		7890123456789013 /* VoiceVisualizerView.swift */ = {isa = PBXFileReference; lastKnownFileType = sourcecode.swift; path = VoiceVisualizerView.swift; sourceTree = "<group>"; };
		8901234567890124 /* SpeechManagerExtensions.swift */ = {isa = PBXFileReference; lastKnownFileType = sourcecode.swift; path = SpeechManagerExtensions.swift; sourceTree = "<group>"; };
		9012345678901235 /* POIDiscoveryAgent.swift */ = {isa = PBXFileReference; lastKnownFileType = sourcecode.swift; path = POIDiscoveryAgent.swift; sourceTree = "<group>"; };
		FEEDC0DE0000000000000001 /* SplashScreenView.swift */ = {isa = PBXFileReference; lastKnownFileType = sourcecode.swift; path = SplashScreenView.swift; sourceTree = "<group>"; };
		TTSMANAGER0000000000000001 /* EnhancedTTSManager.swift */ = {isa = PBXFileReference; lastKnownFileType = sourcecode.swift; path = EnhancedTTSManager.swift; sourceTree = "<group>"; };
		TTSPERFMONITOR000000000001 /* TTSPerformanceMonitor.swift */ = {isa = PBXFileReference; lastKnownFileType = sourcecode.swift; path = TTSPerformanceMonitor.swift; sourceTree = "<group>"; };
		SIXSECPODGENREF000000001 /* SixSecondPodcastGenerator.swift */ = {isa = PBXFileReference; lastKnownFileType = sourcecode.swift; path = SixSecondPodcastGenerator.swift; sourceTree = "<group>"; };
		VOICECONFIGREF0000000001 /* VoiceConfiguration.swift */ = {isa = PBXFileReference; lastKnownFileType = sourcecode.swift; path = VoiceConfiguration.swift; sourceTree = "<group>"; };
		KITTENTTSPROCREF000000001 /* KittenTTSProcessor.swift */ = {isa = PBXFileReference; lastKnownFileType = sourcecode.swift; path = KittenTTSProcessor.swift; sourceTree = "<group>"; };
		SIMPLEAIMANAGERREF000001 /* AIAgentManagerSimple.swift */ = {isa = PBXFileReference; lastKnownFileType = sourcecode.swift; path = AIAgentManagerSimple.swift; sourceTree = "<group>"; };
		GEMMA3NPROCESSORREF000001 /* Gemma3NProcessor.swift */ = {isa = PBXFileReference; lastKnownFileType = sourcecode.swift; path = Gemma3NProcessor.swift; sourceTree = "<group>"; };
		TIMESTAMPLOGGERREF000001 /* TimestampLogger.swift */ = {isa = PBXFileReference; lastKnownFileType = sourcecode.swift; path = TimestampLogger.swift; sourceTree = "<group>"; };
		AVFOUNDATION000000000001 /* AVFoundation.framework */ = {isa = PBXFileReference; lastKnownFileType = wrapper.framework; name = AVFoundation.framework; path = System/Library/Frameworks/AVFoundation.framework; sourceTree = SDKROOT; };
		COREML0000000000000001 /* CoreML.framework */ = {isa = PBXFileReference; lastKnownFileType = wrapper.framework; name = CoreML.framework; path = System/Library/Frameworks/CoreML.framework; sourceTree = SDKROOT; };
		SPEECH0000000000000001 /* Speech.framework */ = {isa = PBXFileReference; lastKnownFileType = wrapper.framework; name = Speech.framework; path = System/Library/Frameworks/Speech.framework; sourceTree = SDKROOT; };
		CORELOCATION00000000001 /* CoreLocation.framework */ = {isa = PBXFileReference; lastKnownFileType = wrapper.framework; name = CoreLocation.framework; path = System/Library/Frameworks/CoreLocation.framework; sourceTree = SDKROOT; };
		ACCELERATE000000000001 /* Accelerate.framework */ = {isa = PBXFileReference; lastKnownFileType = wrapper.framework; name = Accelerate.framework; path = System/Library/Frameworks/Accelerate.framework; sourceTree = SDKROOT; };
		CARPLAY000000000000001 /* CarPlay.framework */ = {isa = PBXFileReference; lastKnownFileType = wrapper.framework; name = CarPlay.framework; path = System/Library/Frameworks/CarPlay.framework; sourceTree = SDKROOT; };
		COMBINE000000000000001 /* Combine.framework */ = {isa = PBXFileReference; lastKnownFileType = wrapper.framework; name = Combine.framework; path = System/Library/Frameworks/Combine.framework; sourceTree = SDKROOT; };
		301A22D51F645BA237DFBE52 /* Gemma3NE2BLoader.swift */ = {isa = PBXFileReference; lastKnownFileType = sourcecode.swift; path = Gemma3NE2BLoader.swift; sourceTree = "<group>"; };
				963AF57F15086AFC5EFDEC3B /* Gemma3NE4BLoader.swift */ = {isa = PBXFileReference; lastKnownFileType = sourcecode.swift; path = Gemma3NE4BLoader.swift; sourceTree = "<group>"; };
				C5CE335EF2F71A7629AB476C /* ModelManager.swift */ = {isa = PBXFileReference; lastKnownFileType = sourcecode.swift; path = ModelManager.swift; sourceTree = "<group>"; };
		/* End PBXFileReference section */

/* Begin PBXFrameworksBuildPhase section */
		0123456789ABCDEC /* Frameworks */ = {
			isa = PBXFrameworksBuildPhase;
			buildActionMask = 2147483647;
			files = (
				AVFOUNDATION0000000000000 /* AVFoundation.framework in Frameworks */,
				COREML000000000000000000 /* CoreML.framework in Frameworks */,
				SPEECH000000000000000000 /* Speech.framework in Frameworks */,
				CORELOCATION000000000000 /* CoreLocation.framework in Frameworks */,
				ACCELERATE0000000000000 /* Accelerate.framework in Frameworks */,
				CARPLAY00000000000000000 /* CarPlay.framework in Frameworks */,
				COMBINE00000000000000000 /* Combine.framework in Frameworks */,
			);
			runOnlyForDeploymentPostprocessing = 0;
		};
/* End PBXFrameworksBuildPhase section */

/* Begin PBXGroup section */
		0123456789012345 /* Extensions */ = {
			isa = PBXGroup;
			children = (
				8901234567890124 /* SpeechManagerExtensions.swift */,
			);
			path = Extensions;
			sourceTree = "<group>";
		};
		0123456789ABCDE6 = {
			isa = PBXGroup;
			children = (
				0123456789ABCDF1 /* RoadtripCopilot */,
				0123456789ABCDF0 /* Products */,
				FRAMEWORKS000000000000 /* Frameworks */,
			);
			sourceTree = "<group>";
		};
		0123456789ABCDF0 /* Products */ = {
			isa = PBXGroup;
			children = (
				0123456789ABCDEF /* RoadtripCopilot.app */,
			);
			name = Products;
			sourceTree = "<group>";
		};
		0123456789ABCDF1 /* RoadtripCopilot */ = {
			isa = PBXGroup;
			children = (
				1A2B3C4D5E6F7891 /* RoadtripCopilotApp.swift */,
				1A2B3C4D5E6F7893 /* ContentView.swift */,
				ABCDEF0123456789 /* Models */,
				BCDEF01234567890 /* Views */,
				CDEF012345678901 /* Managers */,
				DEF0123456789012 /* AI */,
				EF01234567890123 /* CarPlay */,
				F012345678901234 /* UI */,
				0123456789012345 /* Extensions */,
				UTILS012345678901234 /* Utils */,
				TTS0123456789012345 /* TTS */,
				1A2B3C4D5E6F7895 /* Assets.xcassets */,
				1A2B3C4D5E6F7896 /* Info.plist */,
			);
			path = RoadtripCopilot;
			sourceTree = "<group>";
		};
		ABCDEF0123456789 /* Models */ = {
			isa = PBXGroup;
			children = (
				4D5E6F7890123457 /* UserPreferences.swift */,
				4D5E6F7890123459 /* AppState.swift */,
				301A22D51F645BA237DFBE52 /* Gemma3NE2BLoader.swift */,
				963AF57F15086AFC5EFDEC3B /* Gemma3NE4BLoader.swift */,
			);
			path = Models;
			sourceTree = "<group>";
		};
		BCDEF01234567890 /* Views */ = {
			isa = PBXGroup;
			children = (
				6F78901234567891 /* DestinationSelectionView.swift */,
				6F78901234567893 /* EnhancedDestinationSelectionView.swift */,
				F4E070ED09F14D09 /* LocationAuthorizationView.swift */,
				6F78901234567895 /* OnboardingSteps.swift */,
				FEEDC0DE0000000000000001 /* SplashScreenView.swift */,
			);
			path = Views;
			sourceTree = "<group>";
		};
		CDEF012345678901 /* Managers */ = {
			isa = PBXGroup;
			children = (
				2B3C4D5E6F789013 /* LocationManager.swift */,
				2B3C4D5E6F789015 /* SpeechManager.swift */,
				TTSMANAGER0000000000000001 /* EnhancedTTSManager.swift */,
				C5CE335EF2F71A7629AB476C /* ModelManager.swift */,
			);
			path = Managers;
			sourceTree = "<group>";
		};
		DEF0123456789012 /* AI */ = {
			isa = PBXGroup;
			children = (
				3C4D5E6F78901235 /* AIAgentManager.swift */,
				SIMPLEAIMANAGERREF000001 /* AIAgentManagerSimple.swift */,
				GEMMA3NPROCESSORREF000001 /* Gemma3NProcessor.swift */,
				EF01234567890124 /* Agents */,
			);
			path = AI;
			sourceTree = "<group>";
		};
		EF01234567890123 /* CarPlay */ = {
			isa = PBXGroup;
			children = (
				5E6F789012345679 /* CarPlaySceneDelegate.swift */,
			);
			path = CarPlay;
			sourceTree = "<group>";
		};
		EF01234567890124 /* Agents */ = {
			isa = PBXGroup;
			children = (
				9012345678901235 /* POIDiscoveryAgent.swift */,
			);
			path = Agents;
			sourceTree = "<group>";
		};
		F012345678901234 /* UI */ = {
			isa = PBXGroup;
			children = (
				7890123456789013 /* VoiceVisualizerView.swift */,
			);
			path = UI;
			sourceTree = "<group>";
		};
		TTS0123456789012345 /* TTS */ = {
			isa = PBXGroup;
			children = (
				TTSPERFMONITOR000000000001 /* TTSPerformanceMonitor.swift */,
				SIXSECPODGENREF000000001 /* SixSecondPodcastGenerator.swift */,
				VOICECONFIGREF0000000001 /* VoiceConfiguration.swift */,
				KITTENTTSPROCREF000000001 /* KittenTTSProcessor.swift */,
			);
			path = TTS;
			sourceTree = "<group>";
		};
		UTILS012345678901234 /* Utils */ = {
			isa = PBXGroup;
			children = (
				TIMESTAMPLOGGERREF000001 /* TimestampLogger.swift */,
			);
			path = Utils;
			sourceTree = "<group>";
		};
		FRAMEWORKS000000000000 /* Frameworks */ = {
			isa = PBXGroup;
			children = (
				AVFOUNDATION000000000001 /* AVFoundation.framework */,
				COREML0000000000000001 /* CoreML.framework */,
				SPEECH0000000000000001 /* Speech.framework */,
				CORELOCATION00000000001 /* CoreLocation.framework */,
				ACCELERATE000000000001 /* Accelerate.framework */,
				CARPLAY000000000000001 /* CarPlay.framework */,
				COMBINE000000000000001 /* Combine.framework */,
			);
			name = Frameworks;
			sourceTree = "<group>";
		};
/* End PBXGroup section */

/* Begin PBXNativeTarget section */
		0123456789ABCDEE /* RoadtripCopilot */ = {
			isa = PBXNativeTarget;
			buildConfigurationList = 0123456789ABCDFD /* Build configuration list for PBXNativeTarget "RoadtripCopilot" */;
			buildPhases = (
				0123456789ABCDEB /* Sources */,
				0123456789ABCDEC /* Frameworks */,
				0123456789ABCDED /* Resources */,
			);
			buildRules = (
			);
			dependencies = (
			);
			name = RoadtripCopilot;
			productName = RoadtripCopilot;
			productReference = 0123456789ABCDEF /* RoadtripCopilot.app */;
			productType = "com.apple.product-type.application";
		};
/* End PBXNativeTarget section */

/* Begin PBXProject section */
		0123456789ABCDE7 /* Project object */ = {
			isa = PBXProject;
			attributes = {
				BuildIndependentTargetsInParallel = 1;
				LastSwiftUpdateCheck = 1500;
				LastUpgradeCheck = 1500;
				TargetAttributes = {
					0123456789ABCDEE = {
						CreatedOnToolsVersion = 15.0;
					};
				};
			};
			buildConfigurationList = 0123456789ABCDEA /* Build configuration list for PBXProject "RoadtripCopilot" */;
			compatibilityVersion = "Xcode 14.0";
			developmentRegion = en;
			hasScannedForEncodings = 0;
			knownRegions = (
				en,
				Base,
			);
			mainGroup = 0123456789ABCDE6;
			productRefGroup = 0123456789ABCDF0 /* Products */;
			projectDirPath = "";
			projectRoot = "";
			targets = (
				0123456789ABCDEE /* RoadtripCopilot */,
			);
		};
/* End PBXProject section */

/* Begin PBXResourcesBuildPhase section */
		0123456789ABCDED /* Resources */ = {
			isa = PBXResourcesBuildPhase;
			buildActionMask = 2147483647;
			files = (
				1A2B3C4D5E6F7894 /* Assets.xcassets in Resources */,
			);
			runOnlyForDeploymentPostprocessing = 0;
		};
/* End PBXResourcesBuildPhase section */

/* Begin PBXSourcesBuildPhase section */
		0123456789ABCDEB /* Sources */ = {
			isa = PBXSourcesBuildPhase;
			buildActionMask = 2147483647;
			files = (
				1A2B3C4D5E6F7892 /* ContentView.swift in Sources */,
				1A2B3C4D5E6F7890 /* RoadtripCopilotApp.swift in Sources */,
				3F066B62EA0B4ABB /* LocationAuthorizationView.swift in Sources */,
				2B3C4D5E6F789012 /* LocationManager.swift in Sources */,
				2B3C4D5E6F789014 /* SpeechManager.swift in Sources */,
				3C4D5E6F78901234 /* AIAgentManager.swift in Sources */,
				4D5E6F7890123456 /* UserPreferences.swift in Sources */,
				4D5E6F7890123458 /* AppState.swift in Sources */,
				5E6F789012345678 /* CarPlaySceneDelegate.swift in Sources */,
				6F78901234567890 /* DestinationSelectionView.swift in Sources */,
				6F78901234567892 /* EnhancedDestinationSelectionView.swift in Sources */,
				6F78901234567894 /* OnboardingSteps.swift in Sources */,
				7890123456789012 /* VoiceVisualizerView.swift in Sources */,
				8901234567890123 /* SpeechManagerExtensions.swift in Sources */,
				9012345678901234 /* POIDiscoveryAgent.swift in Sources */,
				FEEDC0DE0000000000000002 /* SplashScreenView.swift in Sources */,
				TTSMANAGER0000000000000002 /* EnhancedTTSManager.swift in Sources */,
				TTSPERFMONITOR000000000002 /* TTSPerformanceMonitor.swift in Sources */,
				SIXSECPODGENBUILD000000002 /* SixSecondPodcastGenerator.swift in Sources */,
				VOICECONFIGBUILD0000000002 /* VoiceConfiguration.swift in Sources */,
				KITTENTTSPROCBUILD00000002 /* KittenTTSProcessor.swift in Sources */,
				SIMPLEAIMANAGERBUILD000002 /* AIAgentManagerSimple.swift in Sources */,
				GEMMA3NPROCESSORBUILD00002 /* Gemma3NProcessor.swift in Sources */,
				TIMESTAMPLOGGERBUILD000002 /* TimestampLogger.swift in Sources */,
				D803D34BF455F1FA4F1A5C81 /* Gemma3NE2BLoader.swift in Sources */,
				ADA0A50E494611C058B98A87 /* Gemma3NE4BLoader.swift in Sources */,
				58E8EC1FCC53D2CA8CF0FD1D /* ModelManager.swift in Sources */,
			);
			runOnlyForDeploymentPostprocessing = 0;
		};
/* End PBXSourcesBuildPhase section */

/* Begin XCBuildConfiguration section */
		0123456789ABCDFB /* Debug */ = {
			isa = XCBuildConfiguration;
			buildSettings = {
				ALWAYS_SEARCH_USER_PATHS = NO;
				ASSETCATALOG_COMPILER_GENERATE_SWIFT_ASSET_SYMBOL_EXTENSIONS = YES;
				CLANG_ANALYZER_NONNULL = YES;
				CLANG_ANALYZER_NUMBER_OBJECT_CONVERSION = YES_AGGRESSIVE;
				CLANG_CXX_LANGUAGE_STANDARD = "gnu++20";
				CLANG_ENABLE_MODULES = YES;
				CLANG_ENABLE_OBJC_ARC = YES;
				CLANG_ENABLE_OBJC_WEAK = YES;
				CLANG_WARN_BLOCK_CAPTURE_AUTORELEASING = YES;
				CLANG_WARN_BOOL_CONVERSION = YES;
				CLANG_WARN_COMMA = YES;
				CLANG_WARN_CONSTANT_CONVERSION = YES;
				CLANG_WARN_DEPRECATED_OBJC_IMPLEMENTATIONS = YES;
				CLANG_WARN_DIRECT_OBJC_ISA_USAGE = YES_ERROR;
				CLANG_WARN_DOCUMENTATION_COMMENTS = YES;
				CLANG_WARN_EMPTY_BODY = YES;
				CLANG_WARN_ENUM_CONVERSION = YES;
				CLANG_WARN_INFINITE_RECURSION = YES;
				CLANG_WARN_INT_CONVERSION = YES;
				CLANG_WARN_NON_LITERAL_NULL_CONVERSION = YES;
				CLANG_WARN_OBJC_IMPLICIT_RETAIN_SELF = YES;
				CLANG_WARN_OBJC_LITERAL_CONVERSION = YES;
				CLANG_WARN_OBJC_ROOT_CLASS = YES_ERROR;
				CLANG_WARN_QUOTED_INCLUDE_IN_FRAMEWORK_HEADER = YES;
				CLANG_WARN_RANGE_LOOP_ANALYSIS = YES;
				CLANG_WARN_STRICT_PROTOTYPES = YES;
				CLANG_WARN_SUSPICIOUS_MOVE = YES;
				CLANG_WARN_UNGUARDED_AVAILABILITY = YES_AGGRESSIVE;
				CLANG_WARN_UNREACHABLE_CODE = YES;
				CLANG_WARN__DUPLICATE_METHOD_MATCH = YES;
				COPY_PHASE_STRIP = NO;
				DEBUG_INFORMATION_FORMAT = dwarf;
				ENABLE_STRICT_OBJC_MSGSEND = YES;
				ENABLE_TESTABILITY = YES;
				ENABLE_USER_SCRIPT_SANDBOXING = YES;
				GCC_C_LANGUAGE_STANDARD = gnu17;
				GCC_DYNAMIC_NO_PIC = NO;
				GCC_NO_COMMON_BLOCKS = YES;
				GCC_OPTIMIZATION_LEVEL = 0;
				GCC_PREPROCESSOR_DEFINITIONS = (
					"DEBUG=1",
					"$(inherited)",
				);
				GCC_WARN_64_TO_32_BIT_CONVERSION = YES;
				GCC_WARN_ABOUT_RETURN_TYPE = YES_ERROR;
				GCC_WARN_UNDECLARED_SELECTOR = YES;
				GCC_WARN_UNINITIALIZED_AUTOS = YES_AGGRESSIVE;
				GCC_WARN_UNUSED_FUNCTION = YES;
				GCC_WARN_UNUSED_VARIABLE = YES;
				IPHONEOS_DEPLOYMENT_TARGET = 15.0;
				LOCALIZATION_PREFERS_STRING_CATALOGS = YES;
				MTL_ENABLE_DEBUG_INFO = INCLUDE_SOURCE;
				MTL_FAST_MATH = YES;
				ONLY_ACTIVE_ARCH = YES;
				SDKROOT = iphoneos;
				SWIFT_ACTIVE_COMPILATION_CONDITIONS = "DEBUG $(inherited)";
				SWIFT_OPTIMIZATION_LEVEL = "-Onone";
			};
			name = Debug;
		};
		0123456789ABCDFC /* Release */ = {
			isa = XCBuildConfiguration;
			buildSettings = {
				ALWAYS_SEARCH_USER_PATHS = NO;
				ASSETCATALOG_COMPILER_GENERATE_SWIFT_ASSET_SYMBOL_EXTENSIONS = YES;
				CLANG_ANALYZER_NONNULL = YES;
				CLANG_ANALYZER_NUMBER_OBJECT_CONVERSION = YES_AGGRESSIVE;
				CLANG_CXX_LANGUAGE_STANDARD = "gnu++20";
				CLANG_ENABLE_MODULES = YES;
				CLANG_ENABLE_OBJC_ARC = YES;
				CLANG_ENABLE_OBJC_WEAK = YES;
				CLANG_WARN_BLOCK_CAPTURE_AUTORELEASING = YES;
				CLANG_WARN_BOOL_CONVERSION = YES;
				CLANG_WARN_COMMA = YES;
				CLANG_WARN_CONSTANT_CONVERSION = YES;
				CLANG_WARN_DEPRECATED_OBJC_IMPLEMENTATIONS = YES;
				CLANG_WARN_DIRECT_OBJC_ISA_USAGE = YES_ERROR;
				CLANG_WARN_DOCUMENTATION_COMMENTS = YES;
				CLANG_WARN_EMPTY_BODY = YES;
				CLANG_WARN_ENUM_CONVERSION = YES;
				CLANG_WARN_INFINITE_RECURSION = YES;
				CLANG_WARN_INT_CONVERSION = YES;
				CLANG_WARN_NON_LITERAL_NULL_CONVERSION = YES;
				CLANG_WARN_OBJC_IMPLICIT_RETAIN_SELF = YES;
				CLANG_WARN_OBJC_LITERAL_CONVERSION = YES;
				CLANG_WARN_OBJC_ROOT_CLASS = YES_ERROR;
				CLANG_WARN_QUOTED_INCLUDE_IN_FRAMEWORK_HEADER = YES;
				CLANG_WARN_RANGE_LOOP_ANALYSIS = YES;
				CLANG_WARN_STRICT_PROTOTYPES = YES;
				CLANG_WARN_SUSPICIOUS_MOVE = YES;
				CLANG_WARN_UNGUARDED_AVAILABILITY = YES_AGGRESSIVE;
				CLANG_WARN_UNREACHABLE_CODE = YES;
				CLANG_WARN__DUPLICATE_METHOD_MATCH = YES;
				COPY_PHASE_STRIP = NO;
				DEBUG_INFORMATION_FORMAT = "dwarf-with-dsym";
				ENABLE_NS_ASSERTIONS = NO;
				ENABLE_STRICT_OBJC_MSGSEND = YES;
				ENABLE_USER_SCRIPT_SANDBOXING = YES;
				GCC_C_LANGUAGE_STANDARD = gnu17;
				GCC_NO_COMMON_BLOCKS = YES;
				GCC_WARN_64_TO_32_BIT_CONVERSION = YES;
				GCC_WARN_ABOUT_RETURN_TYPE = YES_ERROR;
				GCC_WARN_UNDECLARED_SELECTOR = YES;
				GCC_WARN_UNINITIALIZED_AUTOS = YES_AGGRESSIVE;
				GCC_WARN_UNUSED_FUNCTION = YES;
				GCC_WARN_UNUSED_VARIABLE = YES;
				IPHONEOS_DEPLOYMENT_TARGET = 15.0;
				LOCALIZATION_PREFERS_STRING_CATALOGS = YES;
				MTL_ENABLE_DEBUG_INFO = NO;
				MTL_FAST_MATH = YES;
				SDKROOT = iphoneos;
				SWIFT_COMPILATION_MODE = wholemodule;
				VALIDATE_PRODUCT = YES;
			};
			name = Release;
		};
		0123456789ABCDFE /* Debug */ = {
			isa = XCBuildConfiguration;
			buildSettings = {
				ASSETCATALOG_COMPILER_APPICON_NAME = AppIcon;
				ASSETCATALOG_COMPILER_GLOBAL_ACCENT_COLOR_NAME = AccentColor;
				CODE_SIGN_ENTITLEMENTS = RoadtripCopilot/RoadtripCopilot-Dev.entitlements;
				CODE_SIGN_STYLE = Automatic;
				CURRENT_PROJECT_VERSION = 1;
				
				DEVELOPMENT_TEAM = 75X9H496RL;
				ENABLE_PREVIEWS = YES;
				GENERATE_INFOPLIST_FILE = NO;
				INFOPLIST_FILE = RoadtripCopilot/Info.plist;
				INFOPLIST_KEY_NSLocationAlwaysAndWhenInUseUsageDescription = "Roadtrip-Copilot needs background location access to continuously discover POIs during your roadtrip.";
				INFOPLIST_KEY_NSLocationWhenInUseUsageDescription = "Roadtrip-Copilot needs location access to discover interesting places along your route.";
				INFOPLIST_KEY_NSMicrophoneUsageDescription = "Roadtrip-Copilot needs microphone access for voice commands and speech recognition.";
				INFOPLIST_KEY_NSSpeechRecognitionUsageDescription = "Roadtrip-Copilot uses speech recognition for hands-free voice commands while driving.";
				INFOPLIST_KEY_UIApplicationSceneManifest_Generation = YES;
				INFOPLIST_KEY_UIApplicationSupportsIndirectInputEvents = YES;
				INFOPLIST_KEY_UILaunchScreen_Generation = YES;
				INFOPLIST_KEY_UISupportedInterfaceOrientations = "UIInterfaceOrientationPortrait UIInterfaceOrientationLandscapeLeft UIInterfaceOrientationLandscapeRight";
				INFOPLIST_KEY_UISupportedInterfaceOrientations_iPad = "UIInterfaceOrientationPortrait UIInterfaceOrientationPortraitUpsideDown UIInterfaceOrientationLandscapeLeft UIInterfaceOrientationLandscapeRight";
				LD_RUNPATH_SEARCH_PATHS = (
					"$(inherited)",
					"@executable_path/Frameworks",
				);
				MARKETING_VERSION = 1.0;
				PRODUCT_BUNDLE_IDENTIFIER = "com.hmi2.roadtrip-copilot";
				PRODUCT_NAME = "$(TARGET_NAME)";
				SWIFT_EMIT_LOC_STRINGS = YES;
				SWIFT_VERSION = 5.0;
				TARGETED_DEVICE_FAMILY = "1,2";
			};
			name = Debug;
		};
		0123456789ABCDFF /* Release */ = {
			isa = XCBuildConfiguration;
			buildSettings = {
				ASSETCATALOG_COMPILER_APPICON_NAME = AppIcon;
				ASSETCATALOG_COMPILER_GLOBAL_ACCENT_COLOR_NAME = AccentColor;
				CODE_SIGN_ENTITLEMENTS = RoadtripCopilot/RoadtripCopilot.entitlements;
				CODE_SIGN_STYLE = Automatic;
				CURRENT_PROJECT_VERSION = 1;
				
				DEVELOPMENT_TEAM = 75X9H496RL;
				ENABLE_PREVIEWS = YES;
				GENERATE_INFOPLIST_FILE = NO;
				INFOPLIST_FILE = RoadtripCopilot/Info.plist;
				INFOPLIST_KEY_NSLocationAlwaysAndWhenInUseUsageDescription = "Roadtrip-Copilot needs background location access to continuously discover POIs during your roadtrip.";
				INFOPLIST_KEY_NSLocationWhenInUseUsageDescription = "Roadtrip-Copilot needs location access to discover interesting places along your route.";
				INFOPLIST_KEY_NSMicrophoneUsageDescription = "Roadtrip-Copilot needs microphone access for voice commands and speech recognition.";
				INFOPLIST_KEY_NSSpeechRecognitionUsageDescription = "Roadtrip-Copilot uses speech recognition for hands-free voice commands while driving.";
				INFOPLIST_KEY_UIApplicationSceneManifest_Generation = YES;
				INFOPLIST_KEY_UIApplicationSupportsIndirectInputEvents = YES;
				INFOPLIST_KEY_UILaunchScreen_Generation = YES;
				INFOPLIST_KEY_UISupportedInterfaceOrientations = "UIInterfaceOrientationPortrait UIInterfaceOrientationLandscapeLeft UIInterfaceOrientationLandscapeRight";
				INFOPLIST_KEY_UISupportedInterfaceOrientations_iPad = "UIInterfaceOrientationPortrait UIInterfaceOrientationPortraitUpsideDown UIInterfaceOrientationLandscapeLeft UIInterfaceOrientationLandscapeRight";
				LD_RUNPATH_SEARCH_PATHS = (
					"$(inherited)",
					"@executable_path/Frameworks",
				);
				MARKETING_VERSION = 1.0;
				PRODUCT_BUNDLE_IDENTIFIER = "com.hmi2.roadtrip-copilot";
				PRODUCT_NAME = "$(TARGET_NAME)";
				SWIFT_EMIT_LOC_STRINGS = YES;
				SWIFT_VERSION = 5.0;
				TARGETED_DEVICE_FAMILY = "1,2";
			};
			name = Release;
		};
/* End XCBuildConfiguration section */

/* Begin XCConfigurationList section */
		0123456789ABCDEA /* Build configuration list for PBXProject "RoadtripCopilot" */ = {
			isa = XCConfigurationList;
			buildConfigurations = (
				0123456789ABCDFB /* Debug */,
				0123456789ABCDFC /* Release */,
			);
			defaultConfigurationIsVisible = 0;
			defaultConfigurationName = Release;
		};
		0123456789ABCDFD /* Build configuration list for PBXNativeTarget "RoadtripCopilot" */ = {
			isa = XCConfigurationList;
			buildConfigurations = (
				0123456789ABCDFE /* Debug */,
				0123456789ABCDFF /* Release */,
			);
			defaultConfigurationIsVisible = 0;
			defaultConfigurationName = Release;
		};
/* End XCConfigurationList section */
	};
	rootObject = 0123456789ABCDE7 /* Project object */;
}
